
Microsoft Visual Studio Solution File, Format Version 12.00
# Visual Studio Version 16
VisualStudioVersion = 16.0.32802.440
MinimumVisualStudioVersion = 10.0.40219.1
Project("{FAE04EC0-301F-11D3-BF4B-00C04F79EFBC}") = "ElDestapeRadioPlayer", "ElDestapeRadioPlayer\ElDestapeRadioPlayer.csproj", "{AB76CC8A-9EEC-4738-B4B7-5EA47998DD78}"
EndProject
Global
	GlobalSection(SolutionConfigurationPlatforms) = preSolution
		Debug|Any CPU = Debug|Any CPU
		Release|Any CPU = Release|Any CPU
	EndGlobalSection
	GlobalSection(ProjectConfigurationPlatforms) = postSolution
		{AB76CC8A-9EEC-4738-B4B7-5EA47998DD78}.Debug|Any CPU.ActiveCfg = Debug|Any CPU
		{AB76CC8A-9EEC-4738-B4B7-5EA47998DD78}.Debug|Any CPU.Build.0 = Debug|Any CPU
		{AB76CC8A-9EEC-4738-B4B7-5EA47998DD78}.Release|Any CPU.ActiveCfg = Release|Any CPU
		{AB76CC8A-9EEC-4738-B4B7-5EA47998DD78}.Release|Any CPU.Build.0 = Release|Any CPU
	EndGlobalSection
	GlobalSection(SolutionProperties) = preSolution
		HideSolutionNode = FALSE
	EndGlobalSection
	GlobalSection(ExtensibilityGlobals) = postSolution
		SolutionGuid = {BF80963B-0908-4CA6-9081-70F002EC4E85}
	EndGlobalSection
EndGlobal
